
Microsoft Visual Studio Solution File, Format Version 12.00
# Visual Studio Version 16
VisualStudioVersion = 16.0.30406.217
MinimumVisualStudioVersion = 10.0.40219.1
Project("{2150E333-8FDC-42A3-9474-1A3956D46DE8}") = "CoStudy.API.Source", "CoStudy.API.Source", "{94E73927-FC4B-46E2-B68B-A2D7DDE591D9}"
EndProject
Project("{2150E333-8FDC-42A3-9474-1A3956D46DE8}") = "Core", "Core", "{1C848441-894C-4A17-963F-8A5B20FD74B4}"
EndProject
Project("{2150E333-8FDC-42A3-9474-1A3956D46DE8}") = "Infrastructure", "Infrastructure", "{FD517B0F-3526-4F75-86CF-B9B9C0395B09}"
EndProject
Project("{2150E333-8FDC-42A3-9474-1A3956D46DE8}") = "WebApi", "WebApi", "{1345D795-7A43-45E0-9106-F2406AAA198E}"
EndProject
Project("{9A19103F-16F7-4668-BE54-9A1E7A4F7556}") = "CoStudy.API.Application", "CoStudy.API.Application\CoStudy.API.Application.csproj", "{E97194FB-E7AD-4134-A65D-1F7424FF4C87}"
EndProject
Project("{9A19103F-16F7-4668-BE54-9A1E7A4F7556}") = "CoStudy.API.Domain", "CoStudy.API.Domain\CoStudy.API.Domain.csproj", "{3B7E0080-5ACE-4B54-8D9E-A90A311C9307}"
EndProject
Project("{9A19103F-16F7-4668-BE54-9A1E7A4F7556}") = "CoStudy.API.Infrastructure.Identity", "CoStudy.API.Infrastructure.Identity\CoStudy.API.Infrastructure.Identity.csproj", "{42D3C496-9AD4-4EBB-81DC-337ECF75AA00}"
EndProject
Project("{9A19103F-16F7-4668-BE54-9A1E7A4F7556}") = "CoStudy.API.Infrastructure.Persistence", "CoStudy.API.Infrastructure.Persistence\CoStudy.API.Infrastructure.Persistence.csproj", "{91D06452-2A5B-4CD5-83B1-3FD00CF727C6}"
EndProject
Project("{9A19103F-16F7-4668-BE54-9A1E7A4F7556}") = "CoStudy.API.Infrastructure.Shared", "CoStudy.API.Infrastructure.Shared\CoStudy.API.Infrastructure.Shared.csproj", "{763C24EC-6F47-41BF-A2D6-B5F92F5BE52D}"
EndProject
Project("{9A19103F-16F7-4668-BE54-9A1E7A4F7556}") = "CoStudy.API.WebAPI", "CoStudy.API.WebAPI\CoStudy.API.WebAPI.csproj", "{B9067C29-33A8-43DF-B5C5-7DCE3B832503}"
EndProject
Project("{2150E333-8FDC-42A3-9474-1A3956D46DE8}") = "Example.Mongo.Entities", "Example.Mongo.Entities", "{28E4CA3F-3744-480F-921A-84BCBB80DA7D}"
EndProject
Project("{9A19103F-16F7-4668-BE54-9A1E7A4F7556}") = "Mongo.Entities.Demo", "Mongo.Entities.Demo\Mongo.Entities.Demo.csproj", "{4F7370AE-7D9B-4ADF-BC68-D82129C7C6D2}"
EndProject
Project("{9A19103F-16F7-4668-BE54-9A1E7A4F7556}") = "DemoFirebaseUpload", "DemoFirebaseUpload\DemoFirebaseUpload.csproj", "{F2981C39-7596-4311-A30B-BA2996EF7964}"
EndProject
Project("{2150E333-8FDC-42A3-9474-1A3956D46DE8}") = "UI", "UI", "{FAEF91BE-E8AB-4227-8D26-DE33CA6BF103}"
EndProject
Project("{9A19103F-16F7-4668-BE54-9A1E7A4F7556}") = "CoStudyClientManagement", "CoStudyClientManagement\CoStudyClientManagement.csproj", "{8700DAF6-C76A-4C4C-A520-6F59F8F8D05E}"
EndProject
Project("{FAE04EC0-301F-11D3-BF4B-00C04F79EFBC}") = "Common", "Common\Common.csproj", "{29394513-079C-4351-8EE6-CAF85A942BEA}"
EndProject
Global
	GlobalSection(SolutionConfigurationPlatforms) = preSolution
		Debug|Any CPU = Debug|Any CPU
		Release|Any CPU = Release|Any CPU
	EndGlobalSection
	GlobalSection(ProjectConfigurationPlatforms) = postSolution
		{E97194FB-E7AD-4134-A65D-1F7424FF4C87}.Debug|Any CPU.ActiveCfg = Debug|Any CPU
		{E97194FB-E7AD-4134-A65D-1F7424FF4C87}.Debug|Any CPU.Build.0 = Debug|Any CPU
		{E97194FB-E7AD-4134-A65D-1F7424FF4C87}.Release|Any CPU.ActiveCfg = Release|Any CPU
		{E97194FB-E7AD-4134-A65D-1F7424FF4C87}.Release|Any CPU.Build.0 = Release|Any CPU
		{3B7E0080-5ACE-4B54-8D9E-A90A311C9307}.Debug|Any CPU.ActiveCfg = Debug|Any CPU
		{3B7E0080-5ACE-4B54-8D9E-A90A311C9307}.Debug|Any CPU.Build.0 = Debug|Any CPU
		{3B7E0080-5ACE-4B54-8D9E-A90A311C9307}.Release|Any CPU.ActiveCfg = Release|Any CPU
		{3B7E0080-5ACE-4B54-8D9E-A90A311C9307}.Release|Any CPU.Build.0 = Release|Any CPU
		{42D3C496-9AD4-4EBB-81DC-337ECF75AA00}.Debug|Any CPU.ActiveCfg = Debug|Any CPU
		{42D3C496-9AD4-4EBB-81DC-337ECF75AA00}.Debug|Any CPU.Build.0 = Debug|Any CPU
		{42D3C496-9AD4-4EBB-81DC-337ECF75AA00}.Release|Any CPU.ActiveCfg = Release|Any CPU
		{42D3C496-9AD4-4EBB-81DC-337ECF75AA00}.Release|Any CPU.Build.0 = Release|Any CPU
		{91D06452-2A5B-4CD5-83B1-3FD00CF727C6}.Debug|Any CPU.ActiveCfg = Debug|Any CPU
		{91D06452-2A5B-4CD5-83B1-3FD00CF727C6}.Debug|Any CPU.Build.0 = Debug|Any CPU
		{91D06452-2A5B-4CD5-83B1-3FD00CF727C6}.Release|Any CPU.ActiveCfg = Release|Any CPU
		{91D06452-2A5B-4CD5-83B1-3FD00CF727C6}.Release|Any CPU.Build.0 = Release|Any CPU
		{763C24EC-6F47-41BF-A2D6-B5F92F5BE52D}.Debug|Any CPU.ActiveCfg = Debug|Any CPU
		{763C24EC-6F47-41BF-A2D6-B5F92F5BE52D}.Debug|Any CPU.Build.0 = Debug|Any CPU
		{763C24EC-6F47-41BF-A2D6-B5F92F5BE52D}.Release|Any CPU.ActiveCfg = Release|Any CPU
		{763C24EC-6F47-41BF-A2D6-B5F92F5BE52D}.Release|Any CPU.Build.0 = Release|Any CPU
		{B9067C29-33A8-43DF-B5C5-7DCE3B832503}.Debug|Any CPU.ActiveCfg = Debug|Any CPU
		{B9067C29-33A8-43DF-B5C5-7DCE3B832503}.Debug|Any CPU.Build.0 = Debug|Any CPU
		{B9067C29-33A8-43DF-B5C5-7DCE3B832503}.Release|Any CPU.ActiveCfg = Release|Any CPU
		{B9067C29-33A8-43DF-B5C5-7DCE3B832503}.Release|Any CPU.Build.0 = Release|Any CPU
		{4F7370AE-7D9B-4ADF-BC68-D82129C7C6D2}.Debug|Any CPU.ActiveCfg = Debug|Any CPU
		{4F7370AE-7D9B-4ADF-BC68-D82129C7C6D2}.Debug|Any CPU.Build.0 = Debug|Any CPU
		{4F7370AE-7D9B-4ADF-BC68-D82129C7C6D2}.Release|Any CPU.ActiveCfg = Release|Any CPU
		{4F7370AE-7D9B-4ADF-BC68-D82129C7C6D2}.Release|Any CPU.Build.0 = Release|Any CPU
		{F2981C39-7596-4311-A30B-BA2996EF7964}.Debug|Any CPU.ActiveCfg = Debug|Any CPU
		{F2981C39-7596-4311-A30B-BA2996EF7964}.Debug|Any CPU.Build.0 = Debug|Any CPU
		{F2981C39-7596-4311-A30B-BA2996EF7964}.Release|Any CPU.ActiveCfg = Release|Any CPU
		{F2981C39-7596-4311-A30B-BA2996EF7964}.Release|Any CPU.Build.0 = Release|Any CPU
		{8700DAF6-C76A-4C4C-A520-6F59F8F8D05E}.Debug|Any CPU.ActiveCfg = Debug|Any CPU
		{8700DAF6-C76A-4C4C-A520-6F59F8F8D05E}.Debug|Any CPU.Build.0 = Debug|Any CPU
		{8700DAF6-C76A-4C4C-A520-6F59F8F8D05E}.Release|Any CPU.ActiveCfg = Release|Any CPU
		{8700DAF6-C76A-4C4C-A520-6F59F8F8D05E}.Release|Any CPU.Build.0 = Release|Any CPU
		{29394513-079C-4351-8EE6-CAF85A942BEA}.Debug|Any CPU.ActiveCfg = Debug|Any CPU
		{29394513-079C-4351-8EE6-CAF85A942BEA}.Debug|Any CPU.Build.0 = Debug|Any CPU
		{29394513-079C-4351-8EE6-CAF85A942BEA}.Release|Any CPU.ActiveCfg = Release|Any CPU
		{29394513-079C-4351-8EE6-CAF85A942BEA}.Release|Any CPU.Build.0 = Release|Any CPU
	EndGlobalSection
	GlobalSection(SolutionProperties) = preSolution
		HideSolutionNode = FALSE
	EndGlobalSection
	GlobalSection(NestedProjects) = preSolution
		{1C848441-894C-4A17-963F-8A5B20FD74B4} = {94E73927-FC4B-46E2-B68B-A2D7DDE591D9}
		{FD517B0F-3526-4F75-86CF-B9B9C0395B09} = {94E73927-FC4B-46E2-B68B-A2D7DDE591D9}
		{1345D795-7A43-45E0-9106-F2406AAA198E} = {94E73927-FC4B-46E2-B68B-A2D7DDE591D9}
		{E97194FB-E7AD-4134-A65D-1F7424FF4C87} = {1C848441-894C-4A17-963F-8A5B20FD74B4}
		{3B7E0080-5ACE-4B54-8D9E-A90A311C9307} = {1C848441-894C-4A17-963F-8A5B20FD74B4}
		{42D3C496-9AD4-4EBB-81DC-337ECF75AA00} = {FD517B0F-3526-4F75-86CF-B9B9C0395B09}
		{91D06452-2A5B-4CD5-83B1-3FD00CF727C6} = {FD517B0F-3526-4F75-86CF-B9B9C0395B09}
		{763C24EC-6F47-41BF-A2D6-B5F92F5BE52D} = {FD517B0F-3526-4F75-86CF-B9B9C0395B09}
		{B9067C29-33A8-43DF-B5C5-7DCE3B832503} = {1345D795-7A43-45E0-9106-F2406AAA198E}
		{4F7370AE-7D9B-4ADF-BC68-D82129C7C6D2} = {28E4CA3F-3744-480F-921A-84BCBB80DA7D}
		{FAEF91BE-E8AB-4227-8D26-DE33CA6BF103} = {94E73927-FC4B-46E2-B68B-A2D7DDE591D9}
		{8700DAF6-C76A-4C4C-A520-6F59F8F8D05E} = {FAEF91BE-E8AB-4227-8D26-DE33CA6BF103}
		{29394513-079C-4351-8EE6-CAF85A942BEA} = {1C848441-894C-4A17-963F-8A5B20FD74B4}
	EndGlobalSection
	GlobalSection(ExtensibilityGlobals) = postSolution
		SolutionGuid = {6DFC4A65-77A4-4AEA-AE9E-416FBA6D9D20}
	EndGlobalSection
EndGlobal
